// !$*UTF8*$!
{
	archiveVersion = 1;
	classes = {
	};
	objectVersion = 46;
	objects = {

/* Begin PBXBuildFile section */
		660C5B4A1B8C67FA00586A11 /* ViewPenderie.swift in Sources */ = {isa = PBXBuildFile; fileRef = 660C5B491B8C67FA00586A11 /* ViewPenderie.swift */; };
		662BAF161B8E11B60017CECE /* Account.swift in Sources */ = {isa = PBXBuildFile; fileRef = 662BAF151B8E11B60017CECE /* Account.swift */; };
		665411D41B8BF88100640388 /* KolodaCustomView.xib in Resources */ = {isa = PBXBuildFile; fileRef = 665411D31B8BF88100640388 /* KolodaCustomView.xib */; };
		665411D61B8BF9A400640388 /* KolodaCustomView.swift in Sources */ = {isa = PBXBuildFile; fileRef = 665411D51B8BF9A400640388 /* KolodaCustomView.swift */; };
		665411D91B8C289300640388 /* ArticleModel.swift in Sources */ = {isa = PBXBuildFile; fileRef = 665411D81B8C289300640388 /* ArticleModel.swift */; };
		665411DD1B8C4F2200640388 /* ViewDetails.swift in Sources */ = {isa = PBXBuildFile; fileRef = 665411DC1B8C4F2200640388 /* ViewDetails.swift */; };
		667F5F5B1B8D8E790097F383 /* CustomCellViewPenderie.xib in Resources */ = {isa = PBXBuildFile; fileRef = 667F5F5A1B8D8E790097F383 /* CustomCellViewPenderie.xib */; };
		667F5F5D1B8D8E900097F383 /* CustomCellViewPenderie.swift in Sources */ = {isa = PBXBuildFile; fileRef = 667F5F5C1B8D8E900097F383 /* CustomCellViewPenderie.swift */; };
		667F5F5F1B8DA9030097F383 /* ProgressHUD.swift in Sources */ = {isa = PBXBuildFile; fileRef = 667F5F5E1B8DA9030097F383 /* ProgressHUD.swift */; };
		667F5F611B8DAF690097F383 /* OneShotLocationManager.swift in Sources */ = {isa = PBXBuildFile; fileRef = 667F5F601B8DAF690097F383 /* OneShotLocationManager.swift */; };
		668493901B8B69AC00B0696A /* Pods.framework in Frameworks */ = {isa = PBXBuildFile; fileRef = 6684938F1B8B69AC00B0696A /* Pods.framework */; };
		668493921B8B6CBA00B0696A /* UIImageView-AFNetworking.swift in Sources */ = {isa = PBXBuildFile; fileRef = 668493911B8B6CBA00B0696A /* UIImageView-AFNetworking.swift */; };
		6692C3991B8B58CE0021F4A1 /* ViewCurated.swift in Sources */ = {isa = PBXBuildFile; fileRef = 6692C3981B8B58CE0021F4A1 /* ViewCurated.swift */; };
		66959D471B8EC7640098D68F /* ViewStore.swift in Sources */ = {isa = PBXBuildFile; fileRef = 66959D461B8EC7640098D68F /* ViewStore.swift */; };
		66B9B91F1B8B15B300C9CD20 /* NeedleApiManager.swift in Sources */ = {isa = PBXBuildFile; fileRef = 66B9B91E1B8B15B300C9CD20 /* NeedleApiManager.swift */; };
		66BA2FD11B8303EB00308CDE /* AppDelegate.swift in Sources */ = {isa = PBXBuildFile; fileRef = 66BA2FD01B8303EB00308CDE /* AppDelegate.swift */; };
		66BA2FD31B8303EB00308CDE /* ViewController.swift in Sources */ = {isa = PBXBuildFile; fileRef = 66BA2FD21B8303EB00308CDE /* ViewController.swift */; };
		66BA2FD61B8303EB00308CDE /* Main.storyboard in Resources */ = {isa = PBXBuildFile; fileRef = 66BA2FD41B8303EB00308CDE /* Main.storyboard */; };
		66BA2FD81B8303EB00308CDE /* Images.xcassets in Resources */ = {isa = PBXBuildFile; fileRef = 66BA2FD71B8303EB00308CDE /* Images.xcassets */; };
		66BA2FDB1B8303EB00308CDE /* LaunchScreen.xib in Resources */ = {isa = PBXBuildFile; fileRef = 66BA2FD91B8303EB00308CDE /* LaunchScreen.xib */; };
		66BA2FE71B8303EB00308CDE /* NeedleTests.swift in Sources */ = {isa = PBXBuildFile; fileRef = 66BA2FE61B8303EB00308CDE /* NeedleTests.swift */; };
		66BA2FF11B83049600308CDE /* ViewLogin.swift in Sources */ = {isa = PBXBuildFile; fileRef = 66BA2FF01B83049600308CDE /* ViewLogin.swift */; };
/* End PBXBuildFile section */

/* Begin PBXContainerItemProxy section */
		66BA2FE11B8303EB00308CDE /* PBXContainerItemProxy */ = {
			isa = PBXContainerItemProxy;
			containerPortal = 66BA2FC31B8303EB00308CDE /* Project object */;
			proxyType = 1;
			remoteGlobalIDString = 66BA2FCA1B8303EB00308CDE;
			remoteInfo = Needle;
		};
/* End PBXContainerItemProxy section */

/* Begin PBXFileReference section */
		5CD010EB0F85308A319F22FA /* Pods.debug.xcconfig */ = {isa = PBXFileReference; includeInIndex = 1; lastKnownFileType = text.xcconfig; name = Pods.debug.xcconfig; path = "Pods/Target Support Files/Pods/Pods.debug.xcconfig"; sourceTree = "<group>"; };
		660C5B491B8C67FA00586A11 /* ViewPenderie.swift */ = {isa = PBXFileReference; fileEncoding = 4; lastKnownFileType = sourcecode.swift; path = ViewPenderie.swift; sourceTree = "<group>"; };
		662BAF151B8E11B60017CECE /* Account.swift */ = {isa = PBXFileReference; fileEncoding = 4; lastKnownFileType = sourcecode.swift; path = Account.swift; sourceTree = "<group>"; };
		665411D31B8BF88100640388 /* KolodaCustomView.xib */ = {isa = PBXFileReference; fileEncoding = 4; lastKnownFileType = file.xib; path = KolodaCustomView.xib; sourceTree = "<group>"; };
		665411D51B8BF9A400640388 /* KolodaCustomView.swift */ = {isa = PBXFileReference; fileEncoding = 4; lastKnownFileType = sourcecode.swift; path = KolodaCustomView.swift; sourceTree = "<group>"; };
		665411D81B8C289300640388 /* ArticleModel.swift */ = {isa = PBXFileReference; fileEncoding = 4; lastKnownFileType = sourcecode.swift; path = ArticleModel.swift; sourceTree = "<group>"; };
		665411DC1B8C4F2200640388 /* ViewDetails.swift */ = {isa = PBXFileReference; fileEncoding = 4; lastKnownFileType = sourcecode.swift; path = ViewDetails.swift; sourceTree = "<group>"; };
		667F5F5A1B8D8E790097F383 /* CustomCellViewPenderie.xib */ = {isa = PBXFileReference; fileEncoding = 4; lastKnownFileType = file.xib; path = CustomCellViewPenderie.xib; sourceTree = "<group>"; };
		667F5F5C1B8D8E900097F383 /* CustomCellViewPenderie.swift */ = {isa = PBXFileReference; fileEncoding = 4; lastKnownFileType = sourcecode.swift; path = CustomCellViewPenderie.swift; sourceTree = "<group>"; };
		667F5F5E1B8DA9030097F383 /* ProgressHUD.swift */ = {isa = PBXFileReference; fileEncoding = 4; lastKnownFileType = sourcecode.swift; path = ProgressHUD.swift; sourceTree = "<group>"; };
		667F5F601B8DAF690097F383 /* OneShotLocationManager.swift */ = {isa = PBXFileReference; fileEncoding = 4; lastKnownFileType = sourcecode.swift; path = OneShotLocationManager.swift; sourceTree = "<group>"; };
		6684938F1B8B69AC00B0696A /* Pods.framework */ = {isa = PBXFileReference; lastKnownFileType = wrapper.framework; name = Pods.framework; path = "Pods/../build/Debug-iphoneos/Pods.framework"; sourceTree = "<group>"; };
		668493911B8B6CBA00B0696A /* UIImageView-AFNetworking.swift */ = {isa = PBXFileReference; fileEncoding = 4; lastKnownFileType = sourcecode.swift; path = "UIImageView-AFNetworking.swift"; sourceTree = "<group>"; };
		6692C3981B8B58CE0021F4A1 /* ViewCurated.swift */ = {isa = PBXFileReference; fileEncoding = 4; lastKnownFileType = sourcecode.swift; path = ViewCurated.swift; sourceTree = "<group>"; };
		66959D461B8EC7640098D68F /* ViewStore.swift */ = {isa = PBXFileReference; fileEncoding = 4; lastKnownFileType = sourcecode.swift; path = ViewStore.swift; sourceTree = "<group>"; };
		66B9B91E1B8B15B300C9CD20 /* NeedleApiManager.swift */ = {isa = PBXFileReference; fileEncoding = 4; lastKnownFileType = sourcecode.swift; path = NeedleApiManager.swift; sourceTree = "<group>"; };
		66BA2FCB1B8303EB00308CDE /* Needle.app */ = {isa = PBXFileReference; explicitFileType = wrapper.application; includeInIndex = 0; path = Needle.app; sourceTree = BUILT_PRODUCTS_DIR; };
		66BA2FCF1B8303EB00308CDE /* Info.plist */ = {isa = PBXFileReference; lastKnownFileType = text.plist.xml; path = Info.plist; sourceTree = "<group>"; };
		66BA2FD01B8303EB00308CDE /* AppDelegate.swift */ = {isa = PBXFileReference; lastKnownFileType = sourcecode.swift; path = AppDelegate.swift; sourceTree = "<group>"; };
		66BA2FD21B8303EB00308CDE /* ViewController.swift */ = {isa = PBXFileReference; lastKnownFileType = sourcecode.swift; path = ViewController.swift; sourceTree = "<group>"; };
		66BA2FD51B8303EB00308CDE /* Base */ = {isa = PBXFileReference; lastKnownFileType = file.storyboard; name = Base; path = Base.lproj/Main.storyboard; sourceTree = "<group>"; };
		66BA2FD71B8303EB00308CDE /* Images.xcassets */ = {isa = PBXFileReference; lastKnownFileType = folder.assetcatalog; path = Images.xcassets; sourceTree = "<group>"; };
		66BA2FDA1B8303EB00308CDE /* Base */ = {isa = PBXFileReference; lastKnownFileType = file.xib; name = Base; path = Base.lproj/LaunchScreen.xib; sourceTree = "<group>"; };
		66BA2FE01B8303EB00308CDE /* NeedleTests.xctest */ = {isa = PBXFileReference; explicitFileType = wrapper.cfbundle; includeInIndex = 0; path = NeedleTests.xctest; sourceTree = BUILT_PRODUCTS_DIR; };
		66BA2FE51B8303EB00308CDE /* Info.plist */ = {isa = PBXFileReference; lastKnownFileType = text.plist.xml; path = Info.plist; sourceTree = "<group>"; };
		66BA2FE61B8303EB00308CDE /* NeedleTests.swift */ = {isa = PBXFileReference; lastKnownFileType = sourcecode.swift; path = NeedleTests.swift; sourceTree = "<group>"; };
		66BA2FF01B83049600308CDE /* ViewLogin.swift */ = {isa = PBXFileReference; fileEncoding = 4; lastKnownFileType = sourcecode.swift; path = ViewLogin.swift; sourceTree = "<group>"; };
		B290FA7852F535BD90A1966D /* Pods.framework */ = {isa = PBXFileReference; explicitFileType = wrapper.framework; includeInIndex = 0; path = Pods.framework; sourceTree = BUILT_PRODUCTS_DIR; };
		C7346E4CF260157ABDDA9A61 /* Pods.release.xcconfig */ = {isa = PBXFileReference; includeInIndex = 1; lastKnownFileType = text.xcconfig; name = Pods.release.xcconfig; path = "Pods/Target Support Files/Pods/Pods.release.xcconfig"; sourceTree = "<group>"; };
/* End PBXFileReference section */

/* Begin PBXFrameworksBuildPhase section */
		66BA2FC81B8303EB00308CDE /* Frameworks */ = {
			isa = PBXFrameworksBuildPhase;
			buildActionMask = 2147483647;
			files = (
				668493901B8B69AC00B0696A /* Pods.framework in Frameworks */,
			);
			runOnlyForDeploymentPostprocessing = 0;
		};
		66BA2FDD1B8303EB00308CDE /* Frameworks */ = {
			isa = PBXFrameworksBuildPhase;
			buildActionMask = 2147483647;
			files = (
			);
			runOnlyForDeploymentPostprocessing = 0;
		};
/* End PBXFrameworksBuildPhase section */

/* Begin PBXGroup section */
		665411D21B8BF7D700640388 /* Custom Views */ = {
			isa = PBXGroup;
			children = (
				668493911B8B6CBA00B0696A /* UIImageView-AFNetworking.swift */,
				665411D31B8BF88100640388 /* KolodaCustomView.xib */,
				665411D51B8BF9A400640388 /* KolodaCustomView.swift */,
				667F5F5A1B8D8E790097F383 /* CustomCellViewPenderie.xib */,
				667F5F5C1B8D8E900097F383 /* CustomCellViewPenderie.swift */,
				667F5F5E1B8DA9030097F383 /* ProgressHUD.swift */,
			);
			name = "Custom Views";
			sourceTree = "<group>";
		};
		665411D71B8C287500640388 /* Models */ = {
			isa = PBXGroup;
			children = (
				665411D81B8C289300640388 /* ArticleModel.swift */,
				662BAF151B8E11B60017CECE /* Account.swift */,
			);
			name = Models;
			sourceTree = "<group>";
		};
		66BA2FC21B8303EB00308CDE = {
			isa = PBXGroup;
			children = (
				66BA2FCD1B8303EB00308CDE /* Needle */,
				66BA2FE31B8303EB00308CDE /* NeedleTests */,
				66BA2FCC1B8303EB00308CDE /* Products */,
				B4809F17A70A9B3F4302457A /* Pods */,
				CEDDCA24FBFECC24E6163A60 /* Frameworks */,
			);
			sourceTree = "<group>";
		};
		66BA2FCC1B8303EB00308CDE /* Products */ = {
			isa = PBXGroup;
			children = (
				66BA2FCB1B8303EB00308CDE /* Needle.app */,
				66BA2FE01B8303EB00308CDE /* NeedleTests.xctest */,
			);
			name = Products;
			sourceTree = "<group>";
		};
		66BA2FCD1B8303EB00308CDE /* Needle */ = {
			isa = PBXGroup;
			children = (
				665411D71B8C287500640388 /* Models */,
				665411D21B8BF7D700640388 /* Custom Views */,
				66BA2FD21B8303EB00308CDE /* ViewController.swift */,
				66BA2FF01B83049600308CDE /* ViewLogin.swift */,
				66BA2FD41B8303EB00308CDE /* Main.storyboard */,
				66BA2FCE1B8303EB00308CDE /* Supporting Files */,
				66B9B91E1B8B15B300C9CD20 /* NeedleApiManager.swift */,
				6692C3981B8B58CE0021F4A1 /* ViewCurated.swift */,
				665411DC1B8C4F2200640388 /* ViewDetails.swift */,
				660C5B491B8C67FA00586A11 /* ViewPenderie.swift */,
				66959D461B8EC7640098D68F /* ViewStore.swift */,
			);
			path = Needle;
			sourceTree = "<group>";
		};
		66BA2FCE1B8303EB00308CDE /* Supporting Files */ = {
			isa = PBXGroup;
			children = (
				66BA2FD01B8303EB00308CDE /* AppDelegate.swift */,
				66BA2FD71B8303EB00308CDE /* Images.xcassets */,
				66BA2FD91B8303EB00308CDE /* LaunchScreen.xib */,
				66BA2FCF1B8303EB00308CDE /* Info.plist */,
				667F5F601B8DAF690097F383 /* OneShotLocationManager.swift */,
			);
			name = "Supporting Files";
			sourceTree = "<group>";
		};
		66BA2FE31B8303EB00308CDE /* NeedleTests */ = {
			isa = PBXGroup;
			children = (
				66BA2FE61B8303EB00308CDE /* NeedleTests.swift */,
				66BA2FE41B8303EB00308CDE /* Supporting Files */,
			);
			path = NeedleTests;
			sourceTree = "<group>";
		};
		66BA2FE41B8303EB00308CDE /* Supporting Files */ = {
			isa = PBXGroup;
			children = (
				66BA2FE51B8303EB00308CDE /* Info.plist */,
			);
			name = "Supporting Files";
			sourceTree = "<group>";
		};
		B4809F17A70A9B3F4302457A /* Pods */ = {
			isa = PBXGroup;
			children = (
				5CD010EB0F85308A319F22FA /* Pods.debug.xcconfig */,
				C7346E4CF260157ABDDA9A61 /* Pods.release.xcconfig */,
			);
			name = Pods;
			sourceTree = "<group>";
		};
		CEDDCA24FBFECC24E6163A60 /* Frameworks */ = {
			isa = PBXGroup;
			children = (
				6684938F1B8B69AC00B0696A /* Pods.framework */,
				B290FA7852F535BD90A1966D /* Pods.framework */,
			);
			name = Frameworks;
			sourceTree = "<group>";
		};
/* End PBXGroup section */

/* Begin PBXNativeTarget section */
		66BA2FCA1B8303EB00308CDE /* Needle */ = {
			isa = PBXNativeTarget;
			buildConfigurationList = 66BA2FEA1B8303EB00308CDE /* Build configuration list for PBXNativeTarget "Needle" */;
			buildPhases = (
				2C047B2700C34990F2CD1345 /* Check Pods Manifest.lock */,
				66BA2FC71B8303EB00308CDE /* Sources */,
				66BA2FC81B8303EB00308CDE /* Frameworks */,
				66BA2FC91B8303EB00308CDE /* Resources */,
				449FF8BB5117E0C4BD2BC667 /* Embed Pods Frameworks */,
				2B225C9197C74F721FDBFB80 /* Copy Pods Resources */,
				662BAF141B8E108D0017CECE /* ShellScript */,
			);
			buildRules = (
			);
			dependencies = (
			);
			name = Needle;
			productName = Needle;
			productReference = 66BA2FCB1B8303EB00308CDE /* Needle.app */;
			productType = "com.apple.product-type.application";
		};
		66BA2FDF1B8303EB00308CDE /* NeedleTests */ = {
			isa = PBXNativeTarget;
			buildConfigurationList = 66BA2FED1B8303EB00308CDE /* Build configuration list for PBXNativeTarget "NeedleTests" */;
			buildPhases = (
				66BA2FDC1B8303EB00308CDE /* Sources */,
				66BA2FDD1B8303EB00308CDE /* Frameworks */,
				66BA2FDE1B8303EB00308CDE /* Resources */,
			);
			buildRules = (
			);
			dependencies = (
				66BA2FE21B8303EB00308CDE /* PBXTargetDependency */,
			);
			name = NeedleTests;
			productName = NeedleTests;
			productReference = 66BA2FE01B8303EB00308CDE /* NeedleTests.xctest */;
			productType = "com.apple.product-type.bundle.unit-test";
		};
/* End PBXNativeTarget section */

/* Begin PBXProject section */
		66BA2FC31B8303EB00308CDE /* Project object */ = {
			isa = PBXProject;
			attributes = {
				LastUpgradeCheck = 0640;
				ORGANIZATIONNAME = Needle;
				TargetAttributes = {
					66BA2FCA1B8303EB00308CDE = {
						CreatedOnToolsVersion = 6.4;
					};
					66BA2FDF1B8303EB00308CDE = {
						CreatedOnToolsVersion = 6.4;
						TestTargetID = 66BA2FCA1B8303EB00308CDE;
					};
				};
			};
			buildConfigurationList = 66BA2FC61B8303EB00308CDE /* Build configuration list for PBXProject "Needle" */;
			compatibilityVersion = "Xcode 3.2";
			developmentRegion = English;
			hasScannedForEncodings = 0;
			knownRegions = (
				en,
				Base,
			);
			mainGroup = 66BA2FC21B8303EB00308CDE;
			productRefGroup = 66BA2FCC1B8303EB00308CDE /* Products */;
			projectDirPath = "";
			projectRoot = "";
			targets = (
				66BA2FCA1B8303EB00308CDE /* Needle */,
				66BA2FDF1B8303EB00308CDE /* NeedleTests */,
			);
		};
/* End PBXProject section */

/* Begin PBXResourcesBuildPhase section */
		66BA2FC91B8303EB00308CDE /* Resources */ = {
			isa = PBXResourcesBuildPhase;
			buildActionMask = 2147483647;
			files = (
				66BA2FD61B8303EB00308CDE /* Main.storyboard in Resources */,
				667F5F5B1B8D8E790097F383 /* CustomCellViewPenderie.xib in Resources */,
				665411D41B8BF88100640388 /* KolodaCustomView.xib in Resources */,
				66BA2FDB1B8303EB00308CDE /* LaunchScreen.xib in Resources */,
				66BA2FD81B8303EB00308CDE /* Images.xcassets in Resources */,
			);
			runOnlyForDeploymentPostprocessing = 0;
		};
		66BA2FDE1B8303EB00308CDE /* Resources */ = {
			isa = PBXResourcesBuildPhase;
			buildActionMask = 2147483647;
			files = (
			);
			runOnlyForDeploymentPostprocessing = 0;
		};
/* End PBXResourcesBuildPhase section */

/* Begin PBXShellScriptBuildPhase section */
		2B225C9197C74F721FDBFB80 /* Copy Pods Resources */ = {
			isa = PBXShellScriptBuildPhase;
			buildActionMask = 2147483647;
			files = (
			);
			inputPaths = (
			);
			name = "Copy Pods Resources";
			outputPaths = (
			);
			runOnlyForDeploymentPostprocessing = 0;
			shellPath = /bin/sh;
			shellScript = "\"${SRCROOT}/Pods/Target Support Files/Pods/Pods-resources.sh\"\n";
			showEnvVarsInLog = 0;
		};
		2C047B2700C34990F2CD1345 /* Check Pods Manifest.lock */ = {
			isa = PBXShellScriptBuildPhase;
			buildActionMask = 2147483647;
			files = (
			);
			inputPaths = (
			);
			name = "Check Pods Manifest.lock";
			outputPaths = (
			);
			runOnlyForDeploymentPostprocessing = 0;
			shellPath = /bin/sh;
			shellScript = "diff \"${PODS_ROOT}/../Podfile.lock\" \"${PODS_ROOT}/Manifest.lock\" > /dev/null\nif [[ $? != 0 ]] ; then\n    cat << EOM\nerror: The sandbox is not in sync with the Podfile.lock. Run 'pod install' or update your CocoaPods installation.\nEOM\n    exit 1\nfi\n";
			showEnvVarsInLog = 0;
		};
		449FF8BB5117E0C4BD2BC667 /* Embed Pods Frameworks */ = {
			isa = PBXShellScriptBuildPhase;
			buildActionMask = 2147483647;
			files = (
			);
			inputPaths = (
			);
			name = "Embed Pods Frameworks";
			outputPaths = (
			);
			runOnlyForDeploymentPostprocessing = 0;
			shellPath = /bin/sh;
			shellScript = "\"${SRCROOT}/Pods/Target Support Files/Pods/Pods-frameworks.sh\"\n";
			showEnvVarsInLog = 0;
		};
		662BAF141B8E108D0017CECE /* ShellScript */ = {
			isa = PBXShellScriptBuildPhase;
			buildActionMask = 2147483647;
			files = (
			);
			inputPaths = (
			);
			outputPaths = (
			);
			runOnlyForDeploymentPostprocessing = 0;
			shellPath = /bin/sh;
			shellScript = "\"${PODS_ROOT}/Fabric/Fabric.framework/run\" 6f29cbe3518ba2ecfe6751ac1a353f653667e325 fb7564edbba44061155d26126ef96cd19bded5e85ea33277434d1f514aa0a76b";
		};
/* End PBXShellScriptBuildPhase section */

/* Begin PBXSourcesBuildPhase section */
		66BA2FC71B8303EB00308CDE /* Sources */ = {
			isa = PBXSourcesBuildPhase;
			buildActionMask = 2147483647;
			files = (
				667F5F611B8DAF690097F383 /* OneShotLocationManager.swift in Sources */,
				66BA2FD31B8303EB00308CDE /* ViewController.swift in Sources */,
				66959D471B8EC7640098D68F /* ViewStore.swift in Sources */,
				66BA2FF11B83049600308CDE /* ViewLogin.swift in Sources */,
				667F5F5F1B8DA9030097F383 /* ProgressHUD.swift in Sources */,
				665411DD1B8C4F2200640388 /* ViewDetails.swift in Sources */,
				665411D91B8C289300640388 /* ArticleModel.swift in Sources */,
				660C5B4A1B8C67FA00586A11 /* ViewPenderie.swift in Sources */,
				665411D61B8BF9A400640388 /* KolodaCustomView.swift in Sources */,
				6692C3991B8B58CE0021F4A1 /* ViewCurated.swift in Sources */,
				668493921B8B6CBA00B0696A /* UIImageView-AFNetworking.swift in Sources */,
				66BA2FD11B8303EB00308CDE /* AppDelegate.swift in Sources */,
				667F5F5D1B8D8E900097F383 /* CustomCellViewPenderie.swift in Sources */,
				66B9B91F1B8B15B300C9CD20 /* NeedleApiManager.swift in Sources */,
				662BAF161B8E11B60017CECE /* Account.swift in Sources */,
			);
			runOnlyForDeploymentPostprocessing = 0;
		};
		66BA2FDC1B8303EB00308CDE /* Sources */ = {
			isa = PBXSourcesBuildPhase;
			buildActionMask = 2147483647;
			files = (
				66BA2FE71B8303EB00308CDE /* NeedleTests.swift in Sources */,
			);
			runOnlyForDeploymentPostprocessing = 0;
		};
/* End PBXSourcesBuildPhase section */

/* Begin PBXTargetDependency section */
		66BA2FE21B8303EB00308CDE /* PBXTargetDependency */ = {
			isa = PBXTargetDependency;
			target = 66BA2FCA1B8303EB00308CDE /* Needle */;
			targetProxy = 66BA2FE11B8303EB00308CDE /* PBXContainerItemProxy */;
		};
/* End PBXTargetDependency section */

/* Begin PBXVariantGroup section */
		66BA2FD41B8303EB00308CDE /* Main.storyboard */ = {
			isa = PBXVariantGroup;
			children = (
				66BA2FD51B8303EB00308CDE /* Base */,
			);
			name = Main.storyboard;
			sourceTree = "<group>";
		};
		66BA2FD91B8303EB00308CDE /* LaunchScreen.xib */ = {
			isa = PBXVariantGroup;
			children = (
				66BA2FDA1B8303EB00308CDE /* Base */,
			);
			name = LaunchScreen.xib;
			sourceTree = "<group>";
		};
/* End PBXVariantGroup section */

/* Begin XCBuildConfiguration section */
		66BA2FE81B8303EB00308CDE /* Debug */ = {
			isa = XCBuildConfiguration;
			buildSettings = {
				ALWAYS_SEARCH_USER_PATHS = NO;
				CLANG_CXX_LANGUAGE_STANDARD = "gnu++0x";
				CLANG_CXX_LIBRARY = "libc++";
				CLANG_ENABLE_MODULES = YES;
				CLANG_ENABLE_OBJC_ARC = YES;
				CLANG_WARN_BOOL_CONVERSION = YES;
				CLANG_WARN_CONSTANT_CONVERSION = YES;
				CLANG_WARN_DIRECT_OBJC_ISA_USAGE = YES_ERROR;
				CLANG_WARN_EMPTY_BODY = YES;
				CLANG_WARN_ENUM_CONVERSION = YES;
				CLANG_WARN_INT_CONVERSION = YES;
				CLANG_WARN_OBJC_ROOT_CLASS = YES_ERROR;
				CLANG_WARN_UNREACHABLE_CODE = YES;
				CLANG_WARN__DUPLICATE_METHOD_MATCH = YES;
				"CODE_SIGN_IDENTITY[sdk=iphoneos*]" = "iPhone Developer";
				COPY_PHASE_STRIP = NO;
				DEBUG_INFORMATION_FORMAT = "dwarf-with-dsym";
				ENABLE_STRICT_OBJC_MSGSEND = YES;
				GCC_C_LANGUAGE_STANDARD = gnu99;
				GCC_DYNAMIC_NO_PIC = NO;
				GCC_NO_COMMON_BLOCKS = YES;
				GCC_OPTIMIZATION_LEVEL = 0;
				GCC_PREPROCESSOR_DEFINITIONS = (
					"DEBUG=1",
					"$(inherited)",
				);
				GCC_SYMBOLS_PRIVATE_EXTERN = NO;
				GCC_WARN_64_TO_32_BIT_CONVERSION = YES;
				GCC_WARN_ABOUT_RETURN_TYPE = YES_ERROR;
				GCC_WARN_UNDECLARED_SELECTOR = YES;
				GCC_WARN_UNINITIALIZED_AUTOS = YES_AGGRESSIVE;
				GCC_WARN_UNUSED_FUNCTION = YES;
				GCC_WARN_UNUSED_VARIABLE = YES;
				IPHONEOS_DEPLOYMENT_TARGET = 8.4;
				MTL_ENABLE_DEBUG_INFO = YES;
				ONLY_ACTIVE_ARCH = YES;
				SDKROOT = iphoneos;
				SWIFT_OPTIMIZATION_LEVEL = "-Onone";
				TARGETED_DEVICE_FAMILY = "1,2";
			};
			name = Debug;
		};
		66BA2FE91B8303EB00308CDE /* Release */ = {
			isa = XCBuildConfiguration;
			buildSettings = {
				ALWAYS_SEARCH_USER_PATHS = NO;
				CLANG_CXX_LANGUAGE_STANDARD = "gnu++0x";
				CLANG_CXX_LIBRARY = "libc++";
				CLANG_ENABLE_MODULES = YES;
				CLANG_ENABLE_OBJC_ARC = YES;
				CLANG_WARN_BOOL_CONVERSION = YES;
				CLANG_WARN_CONSTANT_CONVERSION = YES;
				CLANG_WARN_DIRECT_OBJC_ISA_USAGE = YES_ERROR;
				CLANG_WARN_EMPTY_BODY = YES;
				CLANG_WARN_ENUM_CONVERSION = YES;
				CLANG_WARN_INT_CONVERSION = YES;
				CLANG_WARN_OBJC_ROOT_CLASS = YES_ERROR;
				CLANG_WARN_UNREACHABLE_CODE = YES;
				CLANG_WARN__DUPLICATE_METHOD_MATCH = YES;
				"CODE_SIGN_IDENTITY[sdk=iphoneos*]" = "iPhone Developer";
				COPY_PHASE_STRIP = NO;
				DEBUG_INFORMATION_FORMAT = "dwarf-with-dsym";
				ENABLE_NS_ASSERTIONS = NO;
				ENABLE_STRICT_OBJC_MSGSEND = YES;
				GCC_C_LANGUAGE_STANDARD = gnu99;
				GCC_NO_COMMON_BLOCKS = YES;
				GCC_WARN_64_TO_32_BIT_CONVERSION = YES;
				GCC_WARN_ABOUT_RETURN_TYPE = YES_ERROR;
				GCC_WARN_UNDECLARED_SELECTOR = YES;
				GCC_WARN_UNINITIALIZED_AUTOS = YES_AGGRESSIVE;
				GCC_WARN_UNUSED_FUNCTION = YES;
				GCC_WARN_UNUSED_VARIABLE = YES;
				IPHONEOS_DEPLOYMENT_TARGET = 8.4;
				MTL_ENABLE_DEBUG_INFO = NO;
				SDKROOT = iphoneos;
				TARGETED_DEVICE_FAMILY = "1,2";
				VALIDATE_PRODUCT = YES;
			};
			name = Release;
		};
		66BA2FEB1B8303EB00308CDE /* Debug */ = {
			isa = XCBuildConfiguration;
			baseConfigurationReference = 5CD010EB0F85308A319F22FA /* Pods.debug.xcconfig */;
			buildSettings = {
				ASSETCATALOG_COMPILER_APPICON_NAME = AppIcon;
				FRAMEWORK_SEARCH_PATHS = (
					"$(inherited)",
					"$(PROJECT_DIR)/build/Debug-iphoneos",
				);
				INFOPLIST_FILE = Needle/Info.plist;
				LD_RUNPATH_SEARCH_PATHS = "$(inherited) @executable_path/Frameworks";
				PRODUCT_NAME = "$(TARGET_NAME)";
			};
			name = Debug;
		};
		66BA2FEC1B8303EB00308CDE /* Release */ = {
			isa = XCBuildConfiguration;
			baseConfigurationReference = C7346E4CF260157ABDDA9A61 /* Pods.release.xcconfig */;
			buildSettings = {
				ASSETCATALOG_COMPILER_APPICON_NAME = AppIcon;
				FRAMEWORK_SEARCH_PATHS = (
					"$(inherited)",
					"$(PROJECT_DIR)/build/Debug-iphoneos",
				);
				INFOPLIST_FILE = Needle/Info.plist;
				LD_RUNPATH_SEARCH_PATHS = "$(inherited) @executable_path/Frameworks";
				PRODUCT_NAME = "$(TARGET_NAME)";
			};
			name = Release;
		};
		66BA2FEE1B8303EB00308CDE /* Debug */ = {
			isa = XCBuildConfiguration;
			buildSettings = {
				BUNDLE_LOADER = "$(TEST_HOST)";
				FRAMEWORK_SEARCH_PATHS = (
					"$(SDKROOT)/Developer/Library/Frameworks",
					"$(inherited)",
				);
				GCC_PREPROCESSOR_DEFINITIONS = (
					"DEBUG=1",
					"$(inherited)",
				);
				INFOPLIST_FILE = NeedleTests/Info.plist;
				LD_RUNPATH_SEARCH_PATHS = "$(inherited) @executable_path/Frameworks @loader_path/Frameworks";
				PRODUCT_NAME = "$(TARGET_NAME)";
				TEST_HOST = "$(BUILT_PRODUCTS_DIR)/Needle.app/Needle";
			};
			name = Debug;
		};
		66BA2FEF1B8303EB00308CDE /* Release */ = {
			isa = XCBuildConfiguration;
			buildSettings = {
				BUNDLE_LOADER = "$(TEST_HOST)";
				FRAMEWORK_SEARCH_PATHS = (
					"$(SDKROOT)/Developer/Library/Frameworks",
					"$(inherited)",
				);
				INFOPLIST_FILE = NeedleTests/Info.plist;
				LD_RUNPATH_SEARCH_PATHS = "$(inherited) @executable_path/Frameworks @loader_path/Frameworks";
				PRODUCT_NAME = "$(TARGET_NAME)";
				TEST_HOST = "$(BUILT_PRODUCTS_DIR)/Needle.app/Needle";
			};
			name = Release;
		};
/* End XCBuildConfiguration section */

/* Begin XCConfigurationList section */
		66BA2FC61B8303EB00308CDE /* Build configuration list for PBXProject "Needle" */ = {
			isa = XCConfigurationList;
			buildConfigurations = (
				66BA2FE81B8303EB00308CDE /* Debug */,
				66BA2FE91B8303EB00308CDE /* Release */,
			);
			defaultConfigurationIsVisible = 0;
			defaultConfigurationName = Release;
		};
		66BA2FEA1B8303EB00308CDE /* Build configuration list for PBXNativeTarget "Needle" */ = {
			isa = XCConfigurationList;
			buildConfigurations = (
				66BA2FEB1B8303EB00308CDE /* Debug */,
				66BA2FEC1B8303EB00308CDE /* Release */,
			);
			defaultConfigurationIsVisible = 0;
			defaultConfigurationName = Release;
		};
		66BA2FED1B8303EB00308CDE /* Build configuration list for PBXNativeTarget "NeedleTests" */ = {
			isa = XCConfigurationList;
			buildConfigurations = (
				66BA2FEE1B8303EB00308CDE /* Debug */,
				66BA2FEF1B8303EB00308CDE /* Release */,
			);
			defaultConfigurationIsVisible = 0;
			defaultConfigurationName = Release;
		};
/* End XCConfigurationList section */
	};
	rootObject = 66BA2FC31B8303EB00308CDE /* Project object */;
}
